{
  "name": "npmgraphbuilder",
  "version": "2.2.0",
  "lockfileVersion": 2,
  "requires": true,
  "packages": {
    "": {
      "version": "2.2.0",
      "license": "MIT",
      "dependencies": {
        "bluebird": "^3.4.1",
        "npm-package-arg": "^4.2.0",
        "semver": "^5.2.0"
      },
      "devDependencies": {
        "ngraph.graph": "0.0.2",
        "ngraph.serialization": "0.0.3",
        "q": "~1.0.0",
        "tap": "~0.4.8"
      }
    },
    "node_modules/abbrev": {
      "version": "1.0.9",
      "integrity": "sha512-LEyx4aLEC3x6T0UguF6YILf+ntvmOaWsVfENmIW0E9H09vKlLDGelMjjSm0jkDHALj8A8quZ/HapKNigzwge+Q==",
      "dev": true
    },
    "node_modules/bluebird": {
      "version": "3.4.6",
      "integrity": "sha512-YvvhuCEE6vHQVlxe+ZTuZyXiA9RIXLz1X8YamApVDYf410Y/K0tBTpZ2bTVNsnPVSRviN/mfu2W42BnRfSXA2A=="
    },
    "node_modules/buffer-equal": {
      "version": "0.0.2",
      "integrity": "sha512-4hr0gS7+NK47X6WbA/okVFrN5qGh3WLT7N3hMRv7+hlkXnbUIdU2u05n6r0RQv6cq6xke06nVl70r0NW0WM2OQ==",
      "dev": true,
      "engines": {
        "node": ">=0.4.0"
      }
    },
    "node_modules/bunker": {
      "version": "0.1.2",
      "integrity": "sha512-YnahkcXBNT522S46k5LUA9P18lzvgkunbMl0qIJQ8oeRMQ+dAg3YI3k32q5TnO+AAUErFHO6R768To6jslgYmQ==",
      "dev": true,
      "dependencies": {
        "burrito": ">=0.2.5 <0.3"
      },
      "engines": {
        "node": "*"
      }
    },
    "node_modules/burrito": {
      "version": "0.2.12",
      "integrity": "sha512-ZhhT5iVTAgzQ+s8rily7m45Swxe/cU3dVCHTzqmHVWD/cc0Ds3W4Q4MExbkevY+fm0Me3lEwpehIy6TH7p+ehw==",
      "dev": true,
      "dependencies": {
        "traverse": "~0.5.1",
        "uglify-js": "~1.1.1"
      },
      "engines": {
        "node": ">=0.4.0"
      }
    },
    "node_modules/burrito/node_modules/traverse": {
      "version": "0.5.2",
      "integrity": "sha512-PUBVcfB3RqgLpzgTRGNiqK4duqrDbgGa1bobbUtzUwLiBNAjZ7vd5eCOdBxqZ/Fgezagr9o69IxP2fZp41RGFA==",
      "dev": true,
      "engines": {
        "node": "*"
      }
    },
    "node_modules/charm": {
      "version": "0.1.2",
      "integrity": "sha512-syedaZ9cPe7r3hoQA9twWYKu5AIyCswN5+szkmPBe9ccdLrj4bYaCnLVPTLd2kgVRc7+zoX4tyPgRnFKCj5YjQ==",
      "dev": true
    },
    "node_modules/deep-equal": {
      "version": "0.0.0",
      "integrity": "sha512-p1bI/kkDPT6auUI0U+WLuIIrzmDIDo80I406J8tT4y6I4ZGtBuMeTudrKDtBdMJFAcxqrQdx27gosqPVyY3IvQ==",
      "dev": true,
      "engines": {
        "node": "*"
      }
    },
    "node_modules/deep-is": {
      "version": "0.1.3",
      "integrity": "sha512-GtxAN4HvBachZzm4OnWqc45ESpUCMwkYcsjnsPs23FwJbsO+k4t0k9bQCgOmzIlpHO28+WPK/KRbRk0DDHuuDw==",
      "dev": true
    },
    "node_modules/difflet": {
      "version": "0.2.6",
      "integrity": "sha512-ruldDDRmY1t678UOAJBng6sL77f62SqjHj0498YC0EJhxIe2yKkqJn2qEchwG3eU/dqJ/RxPZkAnYjePS4pDCw==",
      "dev": true,
      "dependencies": {
        "charm": "0.1.x",
        "deep-is": "0.1.x",
        "traverse": "0.6.x"
      },
      "engines": {
        "node": ">=0.4.0"
      }
    },
    "node_modules/glob": {
      "version": "3.2.11",
      "integrity": "sha512-hVb0zwEZwC1FXSKRPFTeOtN7AArJcJlI6ULGLtrstaswKNlrTJqAA+1lYlSUop4vjA423xlBzqfVS3iWGlqJ+g==",
      "dev": true,
      "dependencies": {
        "inherits": "2",
        "minimatch": "0.3"
      },
      "engines": {
        "node": "*"
      }
    },
    "node_modules/hosted-git-info": {
      "version": "2.8.9",
      "resolved": "https://registry.npmjs.org/hosted-git-info/-/hosted-git-info-2.8.9.tgz",
      "integrity": "sha512-mxIDAb9Lsm6DoOJ7xH+5+X4y1LU/4Hi50L9C5sIswK3JzULS4bwk1FvjdBgvYR4bzT4tuUQiC15FE2f5HbLvYw=="
    },
    "node_modules/inherits": {
      "version": "2.0.3",
      "integrity": "sha512-x00IRNXNy63jwGkJmzPigoySHbaqpNuzKbBOmzK+g2OdZpQ9w+sxCN+VSB3ja7IAge2OP2qpfxTjeNcyjmW1uw==",
      "dev": true
    },
    "node_modules/lru-cache": {
      "version": "2.7.3",
      "integrity": "sha512-WpibWJ60c3AgAz8a2iYErDrcT2C7OmKnsWhIcHOjkUHFjkXncJhtLxNSqUmxRxRunpb5I8Vprd7aNSd2NtksJQ==",
      "dev": true
    },
    "node_modules/minimatch": {
      "version": "0.3.0",
      "integrity": "sha512-WFX1jI1AaxNTZVOHLBVazwTWKaQjoykSzCBNXB72vDTCzopQGtyP91tKdFK5cv1+qMwPyiTu1HqUriqplI8pcA==",
      "deprecated": "Please update to minimatch 3.0.2 or higher to avoid a RegExp DoS issue",
      "dev": true,
      "dependencies": {
        "lru-cache": "2",
        "sigmund": "~1.0.0"
      },
      "engines": {
        "node": "*"
      }
    },
    "node_modules/minimist": {
      "version": "1.2.6",
      "resolved": "https://registry.npmjs.org/minimist/-/minimist-1.2.6.tgz",
      "integrity": "sha512-Jsjnk4bw3YJqYzbdyBiNsPWHPfO++UGG749Cxs6peCu5Xg4nrena6OVxOYxrQTqww0Jmwt+Ref8rggumkTLz9Q==",
      "dev": true
    },
    "node_modules/mkdirp": {
      "version": "0.5.6",
      "resolved": "https://registry.npmjs.org/mkdirp/-/mkdirp-0.5.6.tgz",
      "integrity": "sha512-FP+p8RB8OWpF3YZBCrP5gtADmtXApB5AMLn+vdyA+PyxCjrCs00mjyUozssO33cwDeT3wNGdLxJ5M//YqtHAJw==",
      "dev": true,
      "dependencies": {
        "minimist": "^1.2.6"
      },
      "bin": {
        "mkdirp": "bin/cmd.js"
      }
    },
    "node_modules/ngraph.events": {
      "version": "0.0.1",
      "integrity": "sha512-mO0/yc07jfJ9aFwGN/x8VG80BjP2FcnFdn93gkF21M7se03QdhKKl7KyUoM5q+nTG3YPzBkXtB9UakIAMtBhEQ==",
      "dev": true
    },
    "node_modules/ngraph.graph": {
      "version": "0.0.2",
      "integrity": "sha512-CHGpVqqtFA+RryIIOknyfi40A7JtuJx2utl520mymVbpnpzr4qHhsyofzSXncCabtyOV/RHM4pNN5o22Sqkfow==",
      "dev": true,
      "dependencies": {
        "ngraph.events": "0.0.1"
      }
    },
    "node_modules/ngraph.serialization": {
      "version": "0.0.3",
      "integrity": "sha512-rnWNWr8cNCK7RWdWUznVquCcWBAxHZTy6V2w6yYnSTS36MIeJSgdLkCJsfKUlOfUCFMIlSqCsXoIZNI9LFO98w==",
      "dev": true,
      "dependencies": {
        "ngraph.graph": "~0.0.2"
      }
    },
    "node_modules/nopt": {
      "version": "2.2.1",
      "integrity": "sha512-gIOTA/uJuhPwFqp+spY7VQ1satbnGlD+iQVZxI18K6hs8Evq4sX81Ml7BB5byP/LsbR2yBVtmvdEmhi7evJ6Aw==",
      "dev": true,
      "dependencies": {
        "abbrev": "1"
      },
      "bin": {
        "nopt": "bin/nopt.js"
      }
    },
    "node_modules/npm-package-arg": {
      "version": "4.2.0",
      "integrity": "sha512-rF6j6KQuHewtIG+2BlUDdhJ/cZZuvgwR9ZyY+Zply9x5qIKgy2I1eCCfXu2/zoiGA/S79RvJqbdGoa1hXitAfg==",
      "dependencies": {
        "hosted-git-info": "^2.1.5",
        "semver": "^5.1.0"
      }
    },
    "node_modules/q": {
      "version": "1.0.1",
      "integrity": "sha512-18MnBaCeBX9sLRUdtxz/6onlb7wLzFxCylklyO8n27y5JxJYaGLPu4ccyc5zih58SpEzY8QmfwaWqguqXU6Y+A==",
      "dev": true,
      "engines": {
        "node": ">=0.6.0",
        "teleport": ">=0.2.0"
      }
    },
    "node_modules/runforcover": {
      "version": "0.0.2",
      "integrity": "sha512-yarCIK2HcAOadqnKW419+FA38qpWDCKcOr5RZU+jnyLL/hn3No9BHZY+YJDEzvQ0k8Oyl7ffLjZv9ZUxvyKoLQ==",
      "dev": true,
      "dependencies": {
        "bunker": "0.1.X"
      },
      "engines": {
        "node": "*"
      }
    },
    "node_modules/semver": {
      "version": "5.3.0",
      "integrity": "sha512-mfmm3/H9+67MCVix1h+IXTpDwL6710LyHuk7+cWC9T1mE0qz4iHhh6r4hU2wrIT9iTsAAC2XQRvfblL028cpLw==",
      "bin": {
        "semver": "bin/semver"
      }
    },
    "node_modules/sigmund": {
      "version": "1.0.1",
      "integrity": "sha512-fCvEXfh6NWpm+YSuY2bpXb/VIihqWA6hLsgboC+0nl71Q7N7o2eaCW8mJa/NLvQhs6jpd3VZV4UiUQlV6+lc8g==",
      "dev": true
    },
    "node_modules/slide": {
      "version": "1.1.6",
      "integrity": "sha512-NwrtjCg+lZoqhFU8fOwl4ay2ei8PaqCBOUV3/ektPY9trO1yQ1oXEfmHAhKArUVUr/hOHvy5f6AdP17dCM0zMw==",
      "dev": true,
      "engines": {
        "node": "*"
      }
    },
    "node_modules/tap": {
      "version": "0.4.13",
      "integrity": "sha512-DRPT9T2qqeUQ9nC8nwnZPQQnKA+bVhzaNrIDoFETFqWLXGOvil/JMhuWj5uO6XeNzIdvvPKLqPHQzIkJnjNnDQ==",
      "dev": true,
      "dependencies": {
        "buffer-equal": "~0.0.0",
        "deep-equal": "~0.0.0",
        "difflet": "~0.2.0",
        "glob": "~3.2.1",
        "inherits": "*",
        "mkdirp": "~0.3 || 0.4 || 0.5",
        "nopt": "~2",
        "runforcover": "~0.0.2",
        "slide": "*",
        "yamlish": "*"
      },
      "bin": {
        "tap": "bin/tap.js"
      },
      "engines": {
        "node": ">=0.8"
      }
    },
    "node_modules/traverse": {
      "version": "0.6.6",
      "integrity": "sha512-kdf4JKs8lbARxWdp7RKdNzoJBhGUcIalSYibuGyHJbmk40pOysQ0+QPvlkCOICOivDWU2IJo2rkrxyTK2AH4fw==",
      "dev": true
    },
    "node_modules/uglify-js": {
      "version": "1.1.1",
      "integrity": "sha512-YYY9Dle1leC+btgrHnAR05eq0aRdcPJsXlYYD+SYw2lqc5HFuFNHg3wWEW4SNE0iXXEUl0fz43gTQ3r1YK76rg==",
      "dev": true,
      "bin": {
        "uglifyjs": "bin/uglifyjs"
      },
      "engines": {
        "node": "*"
      }
    },
    "node_modules/yamlish": {
      "version": "0.0.7",
      "integrity": "sha512-MfSpIJj5Hmm0Yz788MEW1NWfdOhZR/O0WPrdiUeWBKTtCNm0jZwMJZhScqveQoE6CvUoXOQBs5/1I/nC6Sbj/w==",
      "dev": true
    }
  },
  "dependencies": {
    "abbrev": {
      "version": "1.0.9",
      "integrity": "sha512-LEyx4aLEC3x6T0UguF6YILf+ntvmOaWsVfENmIW0E9H09vKlLDGelMjjSm0jkDHALj8A8quZ/HapKNigzwge+Q==",
      "dev": true
    },
    "bluebird": {
      "version": "3.4.6",
      "integrity": "sha512-YvvhuCEE6vHQVlxe+ZTuZyXiA9RIXLz1X8YamApVDYf410Y/K0tBTpZ2bTVNsnPVSRviN/mfu2W42BnRfSXA2A=="
    },
    "buffer-equal": {
      "version": "0.0.2",
      "integrity": "sha512-4hr0gS7+NK47X6WbA/okVFrN5qGh3WLT7N3hMRv7+hlkXnbUIdU2u05n6r0RQv6cq6xke06nVl70r0NW0WM2OQ==",
      "dev": true
    },
    "bunker": {
      "version": "0.1.2",
      "integrity": "sha512-YnahkcXBNT522S46k5LUA9P18lzvgkunbMl0qIJQ8oeRMQ+dAg3YI3k32q5TnO+AAUErFHO6R768To6jslgYmQ==",
      "dev": true,
      "requires": {
        "burrito": ">=0.2.5 <0.3"
      }
    },
    "burrito": {
      "version": "0.2.12",
      "integrity": "sha512-ZhhT5iVTAgzQ+s8rily7m45Swxe/cU3dVCHTzqmHVWD/cc0Ds3W4Q4MExbkevY+fm0Me3lEwpehIy6TH7p+ehw==",
      "dev": true,
      "requires": {
        "traverse": "~0.5.1",
        "uglify-js": "~1.1.1"
      },
      "dependencies": {
        "traverse": {
          "version": "0.5.2",
          "integrity": "sha512-PUBVcfB3RqgLpzgTRGNiqK4duqrDbgGa1bobbUtzUwLiBNAjZ7vd5eCOdBxqZ/Fgezagr9o69IxP2fZp41RGFA==",
          "dev": true
        }
      }
    },
    "charm": {
      "version": "0.1.2",
      "integrity": "sha512-syedaZ9cPe7r3hoQA9twWYKu5AIyCswN5+szkmPBe9ccdLrj4bYaCnLVPTLd2kgVRc7+zoX4tyPgRnFKCj5YjQ==",
      "dev": true
    },
    "deep-equal": {
      "version": "0.0.0",
      "integrity": "sha512-p1bI/kkDPT6auUI0U+WLuIIrzmDIDo80I406J8tT4y6I4ZGtBuMeTudrKDtBdMJFAcxqrQdx27gosqPVyY3IvQ==",
      "dev": true
    },
    "deep-is": {
      "version": "0.1.3",
      "integrity": "sha512-GtxAN4HvBachZzm4OnWqc45ESpUCMwkYcsjnsPs23FwJbsO+k4t0k9bQCgOmzIlpHO28+WPK/KRbRk0DDHuuDw==",
      "dev": true
    },
    "difflet": {
      "version": "0.2.6",
      "integrity": "sha512-ruldDDRmY1t678UOAJBng6sL77f62SqjHj0498YC0EJhxIe2yKkqJn2qEchwG3eU/dqJ/RxPZkAnYjePS4pDCw==",
      "dev": true,
      "requires": {
        "charm": "0.1.x",
        "deep-is": "0.1.x",
        "traverse": "0.6.x"
      }
    },
    "glob": {
      "version": "3.2.11",
      "integrity": "sha512-hVb0zwEZwC1FXSKRPFTeOtN7AArJcJlI6ULGLtrstaswKNlrTJqAA+1lYlSUop4vjA423xlBzqfVS3iWGlqJ+g==",
      "dev": true,
      "requires": {
        "inherits": "2",
        "minimatch": "0.3"
      }
    },
    "hosted-git-info": {
      "version": "2.8.9",
      "resolved": "https://registry.npmjs.org/hosted-git-info/-/hosted-git-info-2.8.9.tgz",
      "integrity": "sha512-mxIDAb9Lsm6DoOJ7xH+5+X4y1LU/4Hi50L9C5sIswK3JzULS4bwk1FvjdBgvYR4bzT4tuUQiC15FE2f5HbLvYw=="
    },
    "inherits": {
      "version": "2.0.3",
      "integrity": "sha512-x00IRNXNy63jwGkJmzPigoySHbaqpNuzKbBOmzK+g2OdZpQ9w+sxCN+VSB3ja7IAge2OP2qpfxTjeNcyjmW1uw==",
      "dev": true
    },
    "lru-cache": {
      "version": "2.7.3",
      "integrity": "sha512-WpibWJ60c3AgAz8a2iYErDrcT2C7OmKnsWhIcHOjkUHFjkXncJhtLxNSqUmxRxRunpb5I8Vprd7aNSd2NtksJQ==",
      "dev": true
    },
    "minimatch": {
      "version": "0.3.0",
      "integrity": "sha512-WFX1jI1AaxNTZVOHLBVazwTWKaQjoykSzCBNXB72vDTCzopQGtyP91tKdFK5cv1+qMwPyiTu1HqUriqplI8pcA==",
      "dev": true,
      "requires": {
        "lru-cache": "2",
        "sigmund": "~1.0.0"
      }
    },
    "minimist": {
      "version": "1.2.6",
      "resolved": "https://registry.npmjs.org/minimist/-/minimist-1.2.6.tgz",
      "integrity": "sha512-Jsjnk4bw3YJqYzbdyBiNsPWHPfO++UGG749Cxs6peCu5Xg4nrena6OVxOYxrQTqww0Jmwt+Ref8rggumkTLz9Q==",
      "dev": true
    },
    "mkdirp": {
      "version": "0.5.6",
      "resolved": "https://registry.npmjs.org/mkdirp/-/mkdirp-0.5.6.tgz",
      "integrity": "sha512-FP+p8RB8OWpF3YZBCrP5gtADmtXApB5AMLn+vdyA+PyxCjrCs00mjyUozssO33cwDeT3wNGdLxJ5M//YqtHAJw==",
      "dev": true,
      "requires": {
        "minimist": "^1.2.6"
      }
    },
    "ngraph.events": {
      "version": "0.0.1",
      "integrity": "sha512-mO0/yc07jfJ9aFwGN/x8VG80BjP2FcnFdn93gkF21M7se03QdhKKl7KyUoM5q+nTG3YPzBkXtB9UakIAMtBhEQ==",
      "dev": true
    },
    "ngraph.graph": {
      "version": "0.0.2",
      "integrity": "sha512-CHGpVqqtFA+RryIIOknyfi40A7JtuJx2utl520mymVbpnpzr4qHhsyofzSXncCabtyOV/RHM4pNN5o22Sqkfow==",
      "dev": true,
      "requires": {
        "ngraph.events": "0.0.1"
      }
    },
    "ngraph.serialization": {
      "version": "0.0.3",
      "integrity": "sha512-rnWNWr8cNCK7RWdWUznVquCcWBAxHZTy6V2w6yYnSTS36MIeJSgdLkCJsfKUlOfUCFMIlSqCsXoIZNI9LFO98w==",
      "dev": true,
      "requires": {
        "ngraph.graph": "~0.0.2"
      }
    },
    "nopt": {
      "version": "2.2.1",
      "integrity": "sha512-gIOTA/uJuhPwFqp+spY7VQ1satbnGlD+iQVZxI18K6hs8Evq4sX81Ml7BB5byP/LsbR2yBVtmvdEmhi7evJ6Aw==",
      "dev": true,
      "requires": {
        "abbrev": "1"
      }
    },
    "npm-package-arg": {
      "version": "4.2.0",
      "integrity": "sha512-rF6j6KQuHewtIG+2BlUDdhJ/cZZuvgwR9ZyY+Zply9x5qIKgy2I1eCCfXu2/zoiGA/S79RvJqbdGoa1hXitAfg==",
      "requires": {
        "hosted-git-info": "^2.1.5",
        "semver": "^5.1.0"
      }
    },
    "q": {
      "version": "1.0.1",
      "integrity": "sha512-18MnBaCeBX9sLRUdtxz/6onlb7wLzFxCylklyO8n27y5JxJYaGLPu4ccyc5zih58SpEzY8QmfwaWqguqXU6Y+A==",
      "dev": true
    },
    "runforcover": {
      "version": "0.0.2",
      "integrity": "sha512-yarCIK2HcAOadqnKW419+FA38qpWDCKcOr5RZU+jnyLL/hn3No9BHZY+YJDEzvQ0k8Oyl7ffLjZv9ZUxvyKoLQ==",
      "dev": true,
      "requires": {
        "bunker": "0.1.X"
      }
    },
    "semver": {
      "version": "5.3.0",
      "integrity": "sha512-mfmm3/H9+67MCVix1h+IXTpDwL6710LyHuk7+cWC9T1mE0qz4iHhh6r4hU2wrIT9iTsAAC2XQRvfblL028cpLw=="
    },
    "sigmund": {
      "version": "1.0.1",
      "integrity": "sha512-fCvEXfh6NWpm+YSuY2bpXb/VIihqWA6hLsgboC+0nl71Q7N7o2eaCW8mJa/NLvQhs6jpd3VZV4UiUQlV6+lc8g==",
      "dev": true
    },
    "slide": {
      "version": "1.1.6",
      "integrity": "sha512-NwrtjCg+lZoqhFU8fOwl4ay2ei8PaqCBOUV3/ektPY9trO1yQ1oXEfmHAhKArUVUr/hOHvy5f6AdP17dCM0zMw==",
      "dev": true
    },
    "tap": {
      "version": "0.4.13",
      "integrity": "sha512-DRPT9T2qqeUQ9nC8nwnZPQQnKA+bVhzaNrIDoFETFqWLXGOvil/JMhuWj5uO6XeNzIdvvPKLqPHQzIkJnjNnDQ==",
      "dev": true,
      "requires": {
        "buffer-equal": "~0.0.0",
        "deep-equal": "~0.0.0",
        "difflet": "~0.2.0",
        "glob": "~3.2.1",
        "inherits": "*",
        "mkdirp": "~0.3 || 0.4 || 0.5",
        "nopt": "~2",
        "runforcover": "~0.0.2",
        "slide": "*",
        "yamlish": "*"
      }
    },
    "traverse": {
      "version": "0.6.6",
      "integrity": "sha512-kdf4JKs8lbARxWdp7RKdNzoJBhGUcIalSYibuGyHJbmk40pOysQ0+QPvlkCOICOivDWU2IJo2rkrxyTK2AH4fw==",
      "dev": true
    },
    "uglify-js": {
      "version": "1.1.1",
      "integrity": "sha512-YYY9Dle1leC+btgrHnAR05eq0aRdcPJsXlYYD+SYw2lqc5HFuFNHg3wWEW4SNE0iXXEUl0fz43gTQ3r1YK76rg==",
      "dev": true
    },
    "yamlish": {
      "version": "0.0.7",
      "integrity": "sha512-MfSpIJj5Hmm0Yz788MEW1NWfdOhZR/O0WPrdiUeWBKTtCNm0jZwMJZhScqveQoE6CvUoXOQBs5/1I/nC6Sbj/w==",
      "dev": true
    }
  }
}
